
Microsoft Visual Studio Solution File, Format Version 12.00
# Visual Studio Version 17
VisualStudioVersion = 17.2.32630.192
MinimumVisualStudioVersion = 10.0.40219.1
Project("{FAE04EC0-301F-11D3-BF4B-00C04F79EFBC}") = "novatechSetup", "novatechSetup\novatechSetup.csproj", "{BFA1F324-3EDE-4AA9-B1A9-5B6BFF36F370}"
EndProject
Global
	GlobalSection(SolutionConfigurationPlatforms) = preSolution
		Debug|Any CPU = Debug|Any CPU
		Release|Any CPU = Release|Any CPU
	EndGlobalSection
	GlobalSection(ProjectConfigurationPlatforms) = postSolution
		{BFA1F324-3EDE-4AA9-B1A9-5B6BFF36F370}.Debug|Any CPU.ActiveCfg = Debug|Any CPU
		{BFA1F324-3EDE-4AA9-B1A9-5B6BFF36F370}.Debug|Any CPU.Build.0 = Debug|Any CPU
		{BFA1F324-3EDE-4AA9-B1A9-5B6BFF36F370}.Release|Any CPU.ActiveCfg = Release|Any CPU
		{BFA1F324-3EDE-4AA9-B1A9-5B6BFF36F370}.Release|Any CPU.Build.0 = Release|Any CPU
	EndGlobalSection
	GlobalSection(SolutionProperties) = preSolution
		HideSolutionNode = FALSE
	EndGlobalSection
	GlobalSection(ExtensibilityGlobals) = postSolution
		SolutionGuid = {742F0388-C031-44DF-B359-5F3E6A2FCBF6}
	EndGlobalSection
EndGlobal
